Microsoft Visual Studio Solution File, Format Version 12.00
# Visual Studio Version 17
VisualStudioVersion = 17.5.2.0
MinimumVisualStudioVersion = 10.0.40219.1
Project("{FAE04EC0-301F-11D3-BF4B-00C04F79EFBC}") = "fx", "fx.csproj", "{CC7B257E-5860-EE3A-9F9F-662CCE40E303}"
EndProject
Global
	GlobalSection(SolutionConfigurationPlatforms) = preSolution
		Debug|Any CPU = Debug|Any CPU
		Release|Any CPU = Release|Any CPU
	EndGlobalSection
	GlobalSection(ProjectConfigurationPlatforms) = postSolution
		{CC7B257E-5860-EE3A-9F9F-662CCE40E303}.Debug|Any CPU.ActiveCfg = Debug|Any CPU
		{CC7B257E-5860-EE3A-9F9F-662CCE40E303}.Debug|Any CPU.Build.0 = Debug|Any CPU
		{CC7B257E-5860-EE3A-9F9F-662CCE40E303}.Release|Any CPU.ActiveCfg = Release|Any CPU
		{CC7B257E-5860-EE3A-9F9F-662CCE40E303}.Release|Any CPU.Build.0 = Release|Any CPU
	EndGlobalSection
	GlobalSection(SolutionProperties) = preSolution
		HideSolutionNode = FALSE
	EndGlobalSection
	GlobalSection(ExtensibilityGlobals) = postSolution
		SolutionGuid = {408C52F1-CD76-4B35-A8CB-D50F667B8E3E}
	EndGlobalSection
EndGlobal
